// !$*UTF8*$!
{
	archiveVersion = 1;
	classes = {
	};
	objectVersion = 56;
	objects = {

/* Begin PBXBuildFile section */
		CFF15DD52AD98D310023C210 /* AppDelegate.swift in Sources */ = {isa = PBXBuildFile; fileRef = CFF15DD42AD98D310023C210 /* AppDelegate.swift */; };
		CFF15DD72AD98D310023C210 /* SceneDelegate.swift in Sources */ = {isa = PBXBuildFile; fileRef = CFF15DD62AD98D310023C210 /* SceneDelegate.swift */; };
		CFF15DD92AD98D310023C210 /* ViewController.swift in Sources */ = {isa = PBXBuildFile; fileRef = CFF15DD82AD98D310023C210 /* ViewController.swift */; };
		CFF15DDC2AD98D310023C210 /* Main.storyboard in Resources */ = {isa = PBXBuildFile; fileRef = CFF15DDA2AD98D310023C210 /* Main.storyboard */; };
		CFF15DDE2AD98D320023C210 /* Assets.xcassets in Resources */ = {isa = PBXBuildFile; fileRef = CFF15DDD2AD98D320023C210 /* Assets.xcassets */; };
		CFF15DE12AD98D320023C210 /* LaunchScreen.storyboard in Resources */ = {isa = PBXBuildFile; fileRef = CFF15DDF2AD98D320023C210 /* LaunchScreen.storyboard */; };
		CFF15DEA2AD9A5B80023C210 /* ViewController+Extension.swift in Sources */ = {isa = PBXBuildFile; fileRef = CFF15DE92AD9A5B80023C210 /* ViewController+Extension.swift */; };
		CFF15DEC2AD9F2270023C210 /* Alert+Extension.swift in Sources */ = {isa = PBXBuildFile; fileRef = CFF15DEB2AD9F2270023C210 /* Alert+Extension.swift */; };
/* End PBXBuildFile section */

/* Begin PBXFileReference section */
		CFF15DD12AD98D310023C210 /* CatchTheRetKitGame.app */ = {isa = PBXFileReference; explicitFileType = wrapper.application; includeInIndex = 0; path = CatchTheRetKitGame.app; sourceTree = BUILT_PRODUCTS_DIR; };
		CFF15DD42AD98D310023C210 /* AppDelegate.swift */ = {isa = PBXFileReference; lastKnownFileType = sourcecode.swift; path = AppDelegate.swift; sourceTree = "<group>"; };
		CFF15DD62AD98D310023C210 /* SceneDelegate.swift */ = {isa = PBXFileReference; lastKnownFileType = sourcecode.swift; path = SceneDelegate.swift; sourceTree = "<group>"; };
		CFF15DD82AD98D310023C210 /* ViewController.swift */ = {isa = PBXFileReference; lastKnownFileType = sourcecode.swift; path = ViewController.swift; sourceTree = "<group>"; };
		CFF15DDB2AD98D310023C210 /* Base */ = {isa = PBXFileReference; lastKnownFileType = file.storyboard; name = Base; path = Base.lproj/Main.storyboard; sourceTree = "<group>"; };
		CFF15DDD2AD98D320023C210 /* Assets.xcassets */ = {isa = PBXFileReference; lastKnownFileType = folder.assetcatalog; path = Assets.xcassets; sourceTree = "<group>"; };
		CFF15DE02AD98D320023C210 /* Base */ = {isa = PBXFileReference; lastKnownFileType = file.storyboard; name = Base; path = Base.lproj/LaunchScreen.storyboard; sourceTree = "<group>"; };
		CFF15DE22AD98D320023C210 /* Info.plist */ = {isa = PBXFileReference; lastKnownFileType = text.plist.xml; path = Info.plist; sourceTree = "<group>"; };
		CFF15DE92AD9A5B80023C210 /* ViewController+Extension.swift */ = {isa = PBXFileReference; lastKnownFileType = sourcecode.swift; path = "ViewController+Extension.swift"; sourceTree = "<group>"; };
		CFF15DEB2AD9F2270023C210 /* Alert+Extension.swift */ = {isa = PBXFileReference; lastKnownFileType = sourcecode.swift; path = "Alert+Extension.swift"; sourceTree = "<group>"; };
/* End PBXFileReference section */

/* Begin PBXFrameworksBuildPhase section */
		CFF15DCE2AD98D310023C210 /* Frameworks */ = {
			isa = PBXFrameworksBuildPhase;
			buildActionMask = 2147483647;
			files = (
			);
			runOnlyForDeploymentPostprocessing = 0;
		};
/* End PBXFrameworksBuildPhase section */

/* Begin PBXGroup section */
		CFF15DC82AD98D310023C210 = {
			isa = PBXGroup;
			children = (
				CFF15DD32AD98D310023C210 /* CatchTheRetKitGame */,
				CFF15DD22AD98D310023C210 /* Products */,
			);
			sourceTree = "<group>";
		};
		CFF15DD22AD98D310023C210 /* Products */ = {
			isa = PBXGroup;
			children = (
				CFF15DD12AD98D310023C210 /* CatchTheRetKitGame.app */,
			);
			name = Products;
			sourceTree = "<group>";
		};
		CFF15DD32AD98D310023C210 /* CatchTheRetKitGame */ = {
			isa = PBXGroup;
			children = (
				CFF15DED2AD9F53A0023C210 /* Main */,
				CFF15DE82AD9A53D0023C210 /* Extensions */,
				CFF15DEE2AD9F5570023C210 /* Support */,
				CFF15DDA2AD98D310023C210 /* Main.storyboard */,
				CFF15DDD2AD98D320023C210 /* Assets.xcassets */,
				CFF15DDF2AD98D320023C210 /* LaunchScreen.storyboard */,
				CFF15DE22AD98D320023C210 /* Info.plist */,
			);
			path = CatchTheRetKitGame;
			sourceTree = "<group>";
		};
		CFF15DE82AD9A53D0023C210 /* Extensions */ = {
			isa = PBXGroup;
			children = (
				CFF15DE92AD9A5B80023C210 /* ViewController+Extension.swift */,
				CFF15DEB2AD9F2270023C210 /* Alert+Extension.swift */,
			);
			path = Extensions;
			sourceTree = "<group>";
		};
		CFF15DED2AD9F53A0023C210 /* Main */ = {
			isa = PBXGroup;
			children = (
				CFF15DD82AD98D310023C210 /* ViewController.swift */,
			);
			path = Main;
			sourceTree = "<group>";
		};
		CFF15DEE2AD9F5570023C210 /* Support */ = {
			isa = PBXGroup;
			children = (
				CFF15DD62AD98D310023C210 /* SceneDelegate.swift */,
				CFF15DD42AD98D310023C210 /* AppDelegate.swift */,
			);
			path = Support;
			sourceTree = "<group>";
		};
/* End PBXGroup section */

/* Begin PBXNativeTarget section */
		CFF15DD02AD98D310023C210 /* CatchTheRetKitGame */ = {
			isa = PBXNativeTarget;
			buildConfigurationList = CFF15DE52AD98D320023C210 /* Build configuration list for PBXNativeTarget "CatchTheRetKitGame" */;
			buildPhases = (
				CFF15DCD2AD98D310023C210 /* Sources */,
				CFF15DCE2AD98D310023C210 /* Frameworks */,
				CFF15DCF2AD98D310023C210 /* Resources */,
			);
			buildRules = (
			);
			dependencies = (
			);
			name = CatchTheRetKitGame;
			productName = CatchTheRetKitGame;
			productReference = CFF15DD12AD98D310023C210 /* CatchTheRetKitGame.app */;
			productType = "com.apple.product-type.application";
		};
/* End PBXNativeTarget section */

/* Begin PBXProject section */
		CFF15DC92AD98D310023C210 /* Project object */ = {
			isa = PBXProject;
			attributes = {
				BuildIndependentTargetsInParallel = 1;
				LastSwiftUpdateCheck = 1500;
				LastUpgradeCheck = 1500;
				TargetAttributes = {
					CFF15DD02AD98D310023C210 = {
						CreatedOnToolsVersion = 15.0;
					};
				};
			};
			buildConfigurationList = CFF15DCC2AD98D310023C210 /* Build configuration list for PBXProject "CatchTheRetKitGame" */;
			compatibilityVersion = "Xcode 14.0";
			developmentRegion = en;
			hasScannedForEncodings = 0;
			knownRegions = (
				en,
				Base,
			);
			mainGroup = CFF15DC82AD98D310023C210;
			productRefGroup = CFF15DD22AD98D310023C210 /* Products */;
			projectDirPath = "";
			projectRoot = "";
			targets = (
				CFF15DD02AD98D310023C210 /* CatchTheRetKitGame */,
			);
		};
/* End PBXProject section */

/* Begin PBXResourcesBuildPhase section */
		CFF15DCF2AD98D310023C210 /* Resources */ = {
			isa = PBXResourcesBuildPhase;
			buildActionMask = 2147483647;
			files = (
				CFF15DE12AD98D320023C210 /* LaunchScreen.storyboard in Resources */,
				CFF15DDE2AD98D320023C210 /* Assets.xcassets in Resources */,
				CFF15DDC2AD98D310023C210 /* Main.storyboard in Resources */,
			);
			runOnlyForDeploymentPostprocessing = 0;
		};
/* End PBXResourcesBuildPhase section */

/* Begin PBXSourcesBuildPhase section */
		CFF15DCD2AD98D310023C210 /* Sources */ = {
			isa = PBXSourcesBuildPhase;
			buildActionMask = 2147483647;
			files = (
				CFF15DD92AD98D310023C210 /* ViewController.swift in Sources */,
				CFF15DD52AD98D310023C210 /* AppDelegate.swift in Sources */,
				CFF15DD72AD98D310023C210 /* SceneDelegate.swift in Sources */,
				CFF15DEC2AD9F2270023C210 /* Alert+Extension.swift in Sources */,
				CFF15DEA2AD9A5B80023C210 /* ViewController+Extension.swift in Sources */,
			);
			runOnlyForDeploymentPostprocessing = 0;
		};
/* End PBXSourcesBuildPhase section */

/* Begin PBXVariantGroup section */
		CFF15DDA2AD98D310023C210 /* Main.storyboard */ = {
			isa = PBXVariantGroup;
			children = (
				CFF15DDB2AD98D310023C210 /* Base */,
			);
			name = Main.storyboard;
			sourceTree = "<group>";
		};
		CFF15DDF2AD98D320023C210 /* LaunchScreen.storyboard */ = {
			isa = PBXVariantGroup;
			children = (
				CFF15DE02AD98D320023C210 /* Base */,
			);
			name = LaunchScreen.storyboard;
			sourceTree = "<group>";
		};
/* End PBXVariantGroup section */

/* Begin XCBuildConfiguration section */
		CFF15DE32AD98D320023C210 /* Debug */ = {
			isa = XCBuildConfiguration;
			buildSettings = {
				ALWAYS_SEARCH_USER_PATHS = NO;
				ASSETCATALOG_COMPILER_GENERATE_SWIFT_ASSET_SYMBOL_EXTENSIONS = YES;
				CLANG_ANALYZER_NONNULL = YES;
				CLANG_ANALYZER_NUMBER_OBJECT_CONVERSION = YES_AGGRESSIVE;
				CLANG_CXX_LANGUAGE_STANDARD = "gnu++20";
				CLANG_ENABLE_MODULES = YES;
				CLANG_ENABLE_OBJC_ARC = YES;
				CLANG_ENABLE_OBJC_WEAK = YES;
				CLANG_WARN_BLOCK_CAPTURE_AUTORELEASING = YES;
				CLANG_WARN_BOOL_CONVERSION = YES;
				CLANG_WARN_COMMA = YES;
				CLANG_WARN_CONSTANT_CONVERSION = YES;
				CLANG_WARN_DEPRECATED_OBJC_IMPLEMENTATIONS = YES;
				CLANG_WARN_DIRECT_OBJC_ISA_USAGE = YES_ERROR;
				CLANG_WARN_DOCUMENTATION_COMMENTS = YES;
				CLANG_WARN_EMPTY_BODY = YES;
				CLANG_WARN_ENUM_CONVERSION = YES;
				CLANG_WARN_INFINITE_RECURSION = YES;
				CLANG_WARN_INT_CONVERSION = YES;
				CLANG_WARN_NON_LITERAL_NULL_CONVERSION = YES;
				CLANG_WARN_OBJC_IMPLICIT_RETAIN_SELF = YES;
				CLANG_WARN_OBJC_LITERAL_CONVERSION = YES;
				CLANG_WARN_OBJC_ROOT_CLASS = YES_ERROR;
				CLANG_WARN_QUOTED_INCLUDE_IN_FRAMEWORK_HEADER = YES;
				CLANG_WARN_RANGE_LOOP_ANALYSIS = YES;
				CLANG_WARN_STRICT_PROTOTYPES = YES;
				CLANG_WARN_SUSPICIOUS_MOVE = YES;
				CLANG_WARN_UNGUARDED_AVAILABILITY = YES_AGGRESSIVE;
				CLANG_WARN_UNREACHABLE_CODE = YES;
				CLANG_WARN__DUPLICATE_METHOD_MATCH = YES;
				COPY_PHASE_STRIP = NO;
				DEBUG_INFORMATION_FORMAT = dwarf;
				ENABLE_STRICT_OBJC_MSGSEND = YES;
				ENABLE_TESTABILITY = YES;
				ENABLE_USER_SCRIPT_SANDBOXING = YES;
				GCC_C_LANGUAGE_STANDARD = gnu17;
				GCC_DYNAMIC_NO_PIC = NO;
				GCC_NO_COMMON_BLOCKS = YES;
				GCC_OPTIMIZATION_LEVEL = 0;
				GCC_PREPROCESSOR_DEFINITIONS = (
					"DEBUG=1",
					"$(inherited)",
				);
				GCC_WARN_64_TO_32_BIT_CONVERSION = YES;
				GCC_WARN_ABOUT_RETURN_TYPE = YES_ERROR;
				GCC_WARN_UNDECLARED_SELECTOR = YES;
				GCC_WARN_UNINITIALIZED_AUTOS = YES_AGGRESSIVE;
				GCC_WARN_UNUSED_FUNCTION = YES;
				GCC_WARN_UNUSED_VARIABLE = YES;
				IPHONEOS_DEPLOYMENT_TARGET = 17.0;
				LOCALIZATION_PREFERS_STRING_CATALOGS = YES;
				MTL_ENABLE_DEBUG_INFO = INCLUDE_SOURCE;
				MTL_FAST_MATH = YES;
				ONLY_ACTIVE_ARCH = YES;
				SDKROOT = iphoneos;
				SWIFT_ACTIVE_COMPILATION_CONDITIONS = "DEBUG $(inherited)";
				SWIFT_OPTIMIZATION_LEVEL = "-Onone";
			};
			name = Debug;
		};
		CFF15DE42AD98D320023C210 /* Release */ = {
			isa = XCBuildConfiguration;
			buildSettings = {
				ALWAYS_SEARCH_USER_PATHS = NO;
				ASSETCATALOG_COMPILER_GENERATE_SWIFT_ASSET_SYMBOL_EXTENSIONS = YES;
				CLANG_ANALYZER_NONNULL = YES;
				CLANG_ANALYZER_NUMBER_OBJECT_CONVERSION = YES_AGGRESSIVE;
				CLANG_CXX_LANGUAGE_STANDARD = "gnu++20";
				CLANG_ENABLE_MODULES = YES;
				CLANG_ENABLE_OBJC_ARC = YES;
				CLANG_ENABLE_OBJC_WEAK = YES;
				CLANG_WARN_BLOCK_CAPTURE_AUTORELEASING = YES;
				CLANG_WARN_BOOL_CONVERSION = YES;
				CLANG_WARN_COMMA = YES;
				CLANG_WARN_CONSTANT_CONVERSION = YES;
				CLANG_WARN_DEPRECATED_OBJC_IMPLEMENTATIONS = YES;
				CLANG_WARN_DIRECT_OBJC_ISA_USAGE = YES_ERROR;
				CLANG_WARN_DOCUMENTATION_COMMENTS = YES;
				CLANG_WARN_EMPTY_BODY = YES;
				CLANG_WARN_ENUM_CONVERSION = YES;
				CLANG_WARN_INFINITE_RECURSION = YES;
				CLANG_WARN_INT_CONVERSION = YES;
				CLANG_WARN_NON_LITERAL_NULL_CONVERSION = YES;
				CLANG_WARN_OBJC_IMPLICIT_RETAIN_SELF = YES;
				CLANG_WARN_OBJC_LITERAL_CONVERSION = YES;
				CLANG_WARN_OBJC_ROOT_CLASS = YES_ERROR;
				CLANG_WARN_QUOTED_INCLUDE_IN_FRAMEWORK_HEADER = YES;
				CLANG_WARN_RANGE_LOOP_ANALYSIS = YES;
				CLANG_WARN_STRICT_PROTOTYPES = YES;
				CLANG_WARN_SUSPICIOUS_MOVE = YES;
				CLANG_WARN_UNGUARDED_AVAILABILITY = YES_AGGRESSIVE;
				CLANG_WARN_UNREACHABLE_CODE = YES;
				CLANG_WARN__DUPLICATE_METHOD_MATCH = YES;
				COPY_PHASE_STRIP = NO;
				DEBUG_INFORMATION_FORMAT = "dwarf-with-dsym";
				ENABLE_NS_ASSERTIONS = NO;
				ENABLE_STRICT_OBJC_MSGSEND = YES;
				ENABLE_USER_SCRIPT_SANDBOXING = YES;
				GCC_C_LANGUAGE_STANDARD = gnu17;
				GCC_NO_COMMON_BLOCKS = YES;
				GCC_WARN_64_TO_32_BIT_CONVERSION = YES;
				GCC_WARN_ABOUT_RETURN_TYPE = YES_ERROR;
				GCC_WARN_UNDECLARED_SELECTOR = YES;
				GCC_WARN_UNINITIALIZED_AUTOS = YES_AGGRESSIVE;
				GCC_WARN_UNUSED_FUNCTION = YES;
				GCC_WARN_UNUSED_VARIABLE = YES;
				IPHONEOS_DEPLOYMENT_TARGET = 17.0;
				LOCALIZATION_PREFERS_STRING_CATALOGS = YES;
				MTL_ENABLE_DEBUG_INFO = NO;
				MTL_FAST_MATH = YES;
				SDKROOT = iphoneos;
				SWIFT_COMPILATION_MODE = wholemodule;
				VALIDATE_PRODUCT = YES;
			};
			name = Release;
		};
		CFF15DE62AD98D320023C210 /* Debug */ = {
			isa = XCBuildConfiguration;
			buildSettings = {
				ASSETCATALOG_COMPILER_APPICON_NAME = AppIcon;
				ASSETCATALOG_COMPILER_GLOBAL_ACCENT_COLOR_NAME = AccentColor;
				CODE_SIGN_STYLE = Automatic;
				CURRENT_PROJECT_VERSION = 1;
				DEVELOPMENT_TEAM = 3Y4C888F3L;
				GENERATE_INFOPLIST_FILE = YES;
				INFOPLIST_FILE = CatchTheRetKitGame/Info.plist;
				INFOPLIST_KEY_UIApplicationSupportsIndirectInputEvents = YES;
				INFOPLIST_KEY_UILaunchStoryboardName = LaunchScreen;
				INFOPLIST_KEY_UIMainStoryboardFile = Main;
				INFOPLIST_KEY_UISupportedInterfaceOrientations_iPad = "UIInterfaceOrientationPortrait UIInterfaceOrientationPortraitUpsideDown UIInterfaceOrientationLandscapeLeft UIInterfaceOrientationLandscapeRight";
				INFOPLIST_KEY_UISupportedInterfaceOrientations_iPhone = "UIInterfaceOrientationPortrait UIInterfaceOrientationLandscapeLeft UIInterfaceOrientationLandscapeRight";
				LD_RUNPATH_SEARCH_PATHS = (
					"$(inherited)",
					"@executable_path/Frameworks",
				);
				MARKETING_VERSION = 1.0;
				PRODUCT_BUNDLE_IDENTIFIER = com.kursatakyurek.CatchTheRetKitGame;
				PRODUCT_NAME = "$(TARGET_NAME)";
				SWIFT_EMIT_LOC_STRINGS = YES;
				SWIFT_VERSION = 5.0;
				TARGETED_DEVICE_FAMILY = "1,2";
			};
			name = Debug;
		};
		CFF15DE72AD98D320023C210 /* Release */ = {
			isa = XCBuildConfiguration;
			buildSettings = {
				ASSETCATALOG_COMPILER_APPICON_NAME = AppIcon;
				ASSETCATALOG_COMPILER_GLOBAL_ACCENT_COLOR_NAME = AccentColor;
				CODE_SIGN_STYLE = Automatic;
				CURRENT_PROJECT_VERSION = 1;
				DEVELOPMENT_TEAM = 3Y4C888F3L;
				GENERATE_INFOPLIST_FILE = YES;
				INFOPLIST_FILE = CatchTheRetKitGame/Info.plist;
				INFOPLIST_KEY_UIApplicationSupportsIndirectInputEvents = YES;
				INFOPLIST_KEY_UILaunchStoryboardName = LaunchScreen;
				INFOPLIST_KEY_UIMainStoryboardFile = Main;
				INFOPLIST_KEY_UISupportedInterfaceOrientations_iPad = "UIInterfaceOrientationPortrait UIInterfaceOrientationPortraitUpsideDown UIInterfaceOrientationLandscapeLeft UIInterfaceOrientationLandscapeRight";
				INFOPLIST_KEY_UISupportedInterfaceOrientations_iPhone = "UIInterfaceOrientationPortrait UIInterfaceOrientationLandscapeLeft UIInterfaceOrientationLandscapeRight";
				LD_RUNPATH_SEARCH_PATHS = (
					"$(inherited)",
					"@executable_path/Frameworks",
				);
				MARKETING_VERSION = 1.0;
				PRODUCT_BUNDLE_IDENTIFIER = com.kursatakyurek.CatchTheRetKitGame;
				PRODUCT_NAME = "$(TARGET_NAME)";
				SWIFT_EMIT_LOC_STRINGS = YES;
				SWIFT_VERSION = 5.0;
				TARGETED_DEVICE_FAMILY = "1,2";
			};
			name = Release;
		};
/* End XCBuildConfiguration section */

/* Begin XCConfigurationList section */
		CFF15DCC2AD98D310023C210 /* Build configuration list for PBXProject "CatchTheRetKitGame" */ = {
			isa = XCConfigurationList;
			buildConfigurations = (
				CFF15DE32AD98D320023C210 /* Debug */,
				CFF15DE42AD98D320023C210 /* Release */,
			);
			defaultConfigurationIsVisible = 0;
			defaultConfigurationName = Release;
		};
		CFF15DE52AD98D320023C210 /* Build configuration list for PBXNativeTarget "CatchTheRetKitGame" */ = {
			isa = XCConfigurationList;
			buildConfigurations = (
				CFF15DE62AD98D320023C210 /* Debug */,
				CFF15DE72AD98D320023C210 /* Release */,
			);
			defaultConfigurationIsVisible = 0;
			defaultConfigurationName = Release;
		};
/* End XCConfigurationList section */
	};
	rootObject = CFF15DC92AD98D310023C210 /* Project object */;
}
